
Microsoft Visual Studio Solution File, Format Version 12.00
# Visual Studio Version 17
VisualStudioVersion = 17.3.32901.215
MinimumVisualStudioVersion = 10.0.40219.1
Project("{FAE04EC0-301F-11D3-BF4B-00C04F79EFBC}") = "bolum2-uygulama25", "bolum2-uygulama25\bolum2-uygulama25.csproj", "{FAC2E690-A9CD-4A36-9C8A-9B2B34F54F44}"
EndProject
Global
	GlobalSection(SolutionConfigurationPlatforms) = preSolution
		Debug|Any CPU = Debug|Any CPU
		Release|Any CPU = Release|Any CPU
	EndGlobalSection
	GlobalSection(ProjectConfigurationPlatforms) = postSolution
		{FAC2E690-A9CD-4A36-9C8A-9B2B34F54F44}.Debug|Any CPU.ActiveCfg = Debug|Any CPU
		{FAC2E690-A9CD-4A36-9C8A-9B2B34F54F44}.Debug|Any CPU.Build.0 = Debug|Any CPU
		{FAC2E690-A9CD-4A36-9C8A-9B2B34F54F44}.Release|Any CPU.ActiveCfg = Release|Any CPU
		{FAC2E690-A9CD-4A36-9C8A-9B2B34F54F44}.Release|Any CPU.Build.0 = Release|Any CPU
	EndGlobalSection
	GlobalSection(SolutionProperties) = preSolution
		HideSolutionNode = FALSE
	EndGlobalSection
	GlobalSection(ExtensibilityGlobals) = postSolution
		SolutionGuid = {60996F49-246F-4144-9EFE-3563489C5853}
	EndGlobalSection
EndGlobal
